
Microsoft Visual Studio Solution File, Format Version 12.00
# Visual Studio Version 17
VisualStudioVersion = 17.5.002.0
MinimumVisualStudioVersion = 10.0.40219.1
Project("{9A19103F-16F7-4668-BE54-9A1E7A4F7556}") = "HelloAZD", "src\HelloAZD.csproj", "{7507080E-15B7-4054-85AD-C56AEDEEF011}"
EndProject
Global
	GlobalSection(SolutionConfigurationPlatforms) = preSolution
		Debug|Any CPU = Debug|Any CPU
		Release|Any CPU = Release|Any CPU
	EndGlobalSection
	GlobalSection(ProjectConfigurationPlatforms) = postSolution
		{7507080E-15B7-4054-85AD-C56AEDEEF011}.Debug|Any CPU.ActiveCfg = Debug|Any CPU
		{7507080E-15B7-4054-85AD-C56AEDEEF011}.Debug|Any CPU.Build.0 = Debug|Any CPU
		{7507080E-15B7-4054-85AD-C56AEDEEF011}.Release|Any CPU.ActiveCfg = Release|Any CPU
		{7507080E-15B7-4054-85AD-C56AEDEEF011}.Release|Any CPU.Build.0 = Release|Any CPU
	EndGlobalSection
	GlobalSection(SolutionProperties) = preSolution
		HideSolutionNode = FALSE
	EndGlobalSection
	GlobalSection(ExtensibilityGlobals) = postSolution
		SolutionGuid = {2CCF9CD4-786F-42EE-8FD9-840E14EAE495}
	EndGlobalSection
EndGlobal
